// !$*UTF8*$!
{
	archiveVersion = 1;
	classes = {
	};
	objectVersion = 55;
	objects = {

/* Begin PBXBuildFile section */
		1B2868B027D9F10900311671 /* AppDelegate.swift in Sources */ = {isa = PBXBuildFile; fileRef = 1B2868AF27D9F10900311671 /* AppDelegate.swift */; };
		1B2868B227D9F10900311671 /* SceneDelegate.swift in Sources */ = {isa = PBXBuildFile; fileRef = 1B2868B127D9F10900311671 /* SceneDelegate.swift */; };
		1B2868B427D9F10900311671 /* ProductListViewController.swift in Sources */ = {isa = PBXBuildFile; fileRef = 1B2868B327D9F10900311671 /* ProductListViewController.swift */; };
		1B2868B727D9F10900311671 /* Main.storyboard in Resources */ = {isa = PBXBuildFile; fileRef = 1B2868B527D9F10900311671 /* Main.storyboard */; };
		1B2868B927D9F10A00311671 /* Assets.xcassets in Resources */ = {isa = PBXBuildFile; fileRef = 1B2868B827D9F10A00311671 /* Assets.xcassets */; };
		1B2868BC27D9F10A00311671 /* LaunchScreen.storyboard in Resources */ = {isa = PBXBuildFile; fileRef = 1B2868BA27D9F10A00311671 /* LaunchScreen.storyboard */; };
		1B2868C427D9F21200311671 /* NetworkService.swift in Sources */ = {isa = PBXBuildFile; fileRef = 1B2868C327D9F21200311671 /* NetworkService.swift */; };
		1B2868C827DC858C00311671 /* CollectionViewCell.swift in Sources */ = {isa = PBXBuildFile; fileRef = 1B2868C727DC858C00311671 /* CollectionViewCell.swift */; };
		1B2868CB27DF7FF500311671 /* SnapKit in Frameworks */ = {isa = PBXBuildFile; productRef = 1B2868CA27DF7FF500311671 /* SnapKit */; };
		1B2868CF27E25C2800311671 /* NetworkSettings.swift in Sources */ = {isa = PBXBuildFile; fileRef = 1B2868CE27E25C2800311671 /* NetworkSettings.swift */; };
		1B2868D127E25C4400311671 /* NetworkErrors.swift in Sources */ = {isa = PBXBuildFile; fileRef = 1B2868D027E25C4400311671 /* NetworkErrors.swift */; };
		1B2868D327E25C5C00311671 /* NetworkRequest.swift in Sources */ = {isa = PBXBuildFile; fileRef = 1B2868D227E25C5C00311671 /* NetworkRequest.swift */; };
		1B2868D727E2617A00311671 /* ProductDataModal.swift in Sources */ = {isa = PBXBuildFile; fileRef = 1B2868D627E2617A00311671 /* ProductDataModal.swift */; };
		1B2868DD27E26CD000311671 /* ProductListViewModel.swift in Sources */ = {isa = PBXBuildFile; fileRef = 1B2868DC27E26CD000311671 /* ProductListViewModel.swift */; };
		1B2868DF27E26E6500311671 /* ProductListContracts.swift in Sources */ = {isa = PBXBuildFile; fileRef = 1B2868DE27E26E6500311671 /* ProductListContracts.swift */; };
		1B2868E427E27C8800311671 /* BaseViewController.swift in Sources */ = {isa = PBXBuildFile; fileRef = 1B2868E327E27C8800311671 /* BaseViewController.swift */; };
		1B2868E827E27D6D00311671 /* UIViewController+ .swift in Sources */ = {isa = PBXBuildFile; fileRef = 1B2868E727E27D6D00311671 /* UIViewController+ .swift */; };
		1B2868EB27E286CE00311671 /* Kingfisher in Frameworks */ = {isa = PBXBuildFile; productRef = 1B2868EA27E286CE00311671 /* Kingfisher */; };
/* End PBXBuildFile section */

/* Begin PBXFileReference section */
		1B2868AC27D9F10900311671 /* eCommerceMVVM.app */ = {isa = PBXFileReference; explicitFileType = wrapper.application; includeInIndex = 0; path = eCommerceMVVM.app; sourceTree = BUILT_PRODUCTS_DIR; };
		1B2868AF27D9F10900311671 /* AppDelegate.swift */ = {isa = PBXFileReference; lastKnownFileType = sourcecode.swift; path = AppDelegate.swift; sourceTree = "<group>"; };
		1B2868B127D9F10900311671 /* SceneDelegate.swift */ = {isa = PBXFileReference; lastKnownFileType = sourcecode.swift; path = SceneDelegate.swift; sourceTree = "<group>"; };
		1B2868B327D9F10900311671 /* ProductListViewController.swift */ = {isa = PBXFileReference; lastKnownFileType = sourcecode.swift; path = ProductListViewController.swift; sourceTree = "<group>"; };
		1B2868B627D9F10900311671 /* Base */ = {isa = PBXFileReference; lastKnownFileType = file.storyboard; name = Base; path = Base.lproj/Main.storyboard; sourceTree = "<group>"; };
		1B2868B827D9F10A00311671 /* Assets.xcassets */ = {isa = PBXFileReference; lastKnownFileType = folder.assetcatalog; path = Assets.xcassets; sourceTree = "<group>"; };
		1B2868BB27D9F10A00311671 /* Base */ = {isa = PBXFileReference; lastKnownFileType = file.storyboard; name = Base; path = Base.lproj/LaunchScreen.storyboard; sourceTree = "<group>"; };
		1B2868BD27D9F10A00311671 /* Info.plist */ = {isa = PBXFileReference; lastKnownFileType = text.plist.xml; path = Info.plist; sourceTree = "<group>"; };
		1B2868C327D9F21200311671 /* NetworkService.swift */ = {isa = PBXFileReference; lastKnownFileType = sourcecode.swift; path = NetworkService.swift; sourceTree = "<group>"; };
		1B2868C727DC858C00311671 /* CollectionViewCell.swift */ = {isa = PBXFileReference; lastKnownFileType = sourcecode.swift; path = CollectionViewCell.swift; sourceTree = "<group>"; };
		1B2868CE27E25C2800311671 /* NetworkSettings.swift */ = {isa = PBXFileReference; lastKnownFileType = sourcecode.swift; path = NetworkSettings.swift; sourceTree = "<group>"; };
		1B2868D027E25C4400311671 /* NetworkErrors.swift */ = {isa = PBXFileReference; lastKnownFileType = sourcecode.swift; path = NetworkErrors.swift; sourceTree = "<group>"; };
		1B2868D227E25C5C00311671 /* NetworkRequest.swift */ = {isa = PBXFileReference; lastKnownFileType = sourcecode.swift; path = NetworkRequest.swift; sourceTree = "<group>"; };
		1B2868D627E2617A00311671 /* ProductDataModal.swift */ = {isa = PBXFileReference; lastKnownFileType = sourcecode.swift; path = ProductDataModal.swift; sourceTree = "<group>"; };
		1B2868DC27E26CD000311671 /* ProductListViewModel.swift */ = {isa = PBXFileReference; lastKnownFileType = sourcecode.swift; path = ProductListViewModel.swift; sourceTree = "<group>"; };
		1B2868DE27E26E6500311671 /* ProductListContracts.swift */ = {isa = PBXFileReference; lastKnownFileType = sourcecode.swift; path = ProductListContracts.swift; sourceTree = "<group>"; };
		1B2868E327E27C8800311671 /* BaseViewController.swift */ = {isa = PBXFileReference; lastKnownFileType = sourcecode.swift; path = BaseViewController.swift; sourceTree = "<group>"; };
		1B2868E727E27D6D00311671 /* UIViewController+ .swift */ = {isa = PBXFileReference; lastKnownFileType = sourcecode.swift; path = "UIViewController+ .swift"; sourceTree = "<group>"; };
/* End PBXFileReference section */

/* Begin PBXFrameworksBuildPhase section */
		1B2868A927D9F10900311671 /* Frameworks */ = {
			isa = PBXFrameworksBuildPhase;
			buildActionMask = 2147483647;
			files = (
				1B2868EB27E286CE00311671 /* Kingfisher in Frameworks */,
				1B2868CB27DF7FF500311671 /* SnapKit in Frameworks */,
			);
			runOnlyForDeploymentPostprocessing = 0;
		};
/* End PBXFrameworksBuildPhase section */

/* Begin PBXGroup section */
		1B2868A327D9F10900311671 = {
			isa = PBXGroup;
			children = (
				1B2868AE27D9F10900311671 /* eCommerceMVVM */,
				1B2868AD27D9F10900311671 /* Products */,
			);
			sourceTree = "<group>";
		};
		1B2868AD27D9F10900311671 /* Products */ = {
			isa = PBXGroup;
			children = (
				1B2868AC27D9F10900311671 /* eCommerceMVVM.app */,
			);
			name = Products;
			sourceTree = "<group>";
		};
		1B2868AE27D9F10900311671 /* eCommerceMVVM */ = {
			isa = PBXGroup;
			children = (
				1B2868D527E25FDF00311671 /* Resources */,
				1B2868E027E27BFA00311671 /* ProductList */,
				1B2868E527E27D3500311671 /* Model */,
				1B2868E627E27D4100311671 /* Utils */,
				1B2868D427E25F7200311671 /* Service */,
				1B2868B527D9F10900311671 /* Main.storyboard */,
				1B2868BD27D9F10A00311671 /* Info.plist */,
			);
			path = eCommerceMVVM;
			sourceTree = "<group>";
		};
		1B2868D427E25F7200311671 /* Service */ = {
			isa = PBXGroup;
			children = (
				1B2868C327D9F21200311671 /* NetworkService.swift */,
				1B2868CE27E25C2800311671 /* NetworkSettings.swift */,
				1B2868D027E25C4400311671 /* NetworkErrors.swift */,
				1B2868D227E25C5C00311671 /* NetworkRequest.swift */,
			);
			path = Service;
			sourceTree = "<group>";
		};
		1B2868D527E25FDF00311671 /* Resources */ = {
			isa = PBXGroup;
			children = (
				1B2868AF27D9F10900311671 /* AppDelegate.swift */,
				1B2868B127D9F10900311671 /* SceneDelegate.swift */,
				1B2868B827D9F10A00311671 /* Assets.xcassets */,
				1B2868BA27D9F10A00311671 /* LaunchScreen.storyboard */,
			);
			path = Resources;
			sourceTree = "<group>";
		};
		1B2868E027E27BFA00311671 /* ProductList */ = {
			isa = PBXGroup;
			children = (
				1B2868E227E27C5700311671 /* Cell */,
				1B2868B327D9F10900311671 /* ProductListViewController.swift */,
				1B2868DC27E26CD000311671 /* ProductListViewModel.swift */,
				1B2868DE27E26E6500311671 /* ProductListContracts.swift */,
			);
			path = ProductList;
			sourceTree = "<group>";
		};
		1B2868E227E27C5700311671 /* Cell */ = {
			isa = PBXGroup;
			children = (
				1B2868C727DC858C00311671 /* CollectionViewCell.swift */,
			);
			path = Cell;
			sourceTree = "<group>";
		};
		1B2868E527E27D3500311671 /* Model */ = {
			isa = PBXGroup;
			children = (
				1B2868D627E2617A00311671 /* ProductDataModal.swift */,
			);
			path = Model;
			sourceTree = "<group>";
		};
		1B2868E627E27D4100311671 /* Utils */ = {
			isa = PBXGroup;
			children = (
				1B2868E327E27C8800311671 /* BaseViewController.swift */,
				1B2868E727E27D6D00311671 /* UIViewController+ .swift */,
			);
			path = Utils;
			sourceTree = "<group>";
		};
/* End PBXGroup section */

/* Begin PBXNativeTarget section */
		1B2868AB27D9F10900311671 /* eCommerceMVVM */ = {
			isa = PBXNativeTarget;
			buildConfigurationList = 1B2868C027D9F10A00311671 /* Build configuration list for PBXNativeTarget "eCommerceMVVM" */;
			buildPhases = (
				1B2868A827D9F10900311671 /* Sources */,
				1B2868A927D9F10900311671 /* Frameworks */,
				1B2868AA27D9F10900311671 /* Resources */,
			);
			buildRules = (
			);
			dependencies = (
			);
			name = eCommerceMVVM;
			packageProductDependencies = (
				1B2868CA27DF7FF500311671 /* SnapKit */,
				1B2868EA27E286CE00311671 /* Kingfisher */,
			);
			productName = eCommerceMVVM;
			productReference = 1B2868AC27D9F10900311671 /* eCommerceMVVM.app */;
			productType = "com.apple.product-type.application";
		};
/* End PBXNativeTarget section */

/* Begin PBXProject section */
		1B2868A427D9F10900311671 /* Project object */ = {
			isa = PBXProject;
			attributes = {
				BuildIndependentTargetsInParallel = 1;
				LastSwiftUpdateCheck = 1320;
				LastUpgradeCheck = 1320;
				TargetAttributes = {
					1B2868AB27D9F10900311671 = {
						CreatedOnToolsVersion = 13.2.1;
					};
				};
			};
			buildConfigurationList = 1B2868A727D9F10900311671 /* Build configuration list for PBXProject "eCommerceMVVM" */;
			compatibilityVersion = "Xcode 13.0";
			developmentRegion = en;
			hasScannedForEncodings = 0;
			knownRegions = (
				en,
				Base,
			);
			mainGroup = 1B2868A327D9F10900311671;
			packageReferences = (
				1B2868C927DF7FF500311671 /* XCRemoteSwiftPackageReference "SnapKit" */,
				1B2868E927E286CE00311671 /* XCRemoteSwiftPackageReference "Kingfisher" */,
			);
			productRefGroup = 1B2868AD27D9F10900311671 /* Products */;
			projectDirPath = "";
			projectRoot = "";
			targets = (
				1B2868AB27D9F10900311671 /* eCommerceMVVM */,
			);
		};
/* End PBXProject section */

/* Begin PBXResourcesBuildPhase section */
		1B2868AA27D9F10900311671 /* Resources */ = {
			isa = PBXResourcesBuildPhase;
			buildActionMask = 2147483647;
			files = (
				1B2868BC27D9F10A00311671 /* LaunchScreen.storyboard in Resources */,
				1B2868B927D9F10A00311671 /* Assets.xcassets in Resources */,
				1B2868B727D9F10900311671 /* Main.storyboard in Resources */,
			);
			runOnlyForDeploymentPostprocessing = 0;
		};
/* End PBXResourcesBuildPhase section */

/* Begin PBXSourcesBuildPhase section */
		1B2868A827D9F10900311671 /* Sources */ = {
			isa = PBXSourcesBuildPhase;
			buildActionMask = 2147483647;
			files = (
				1B2868C827DC858C00311671 /* CollectionViewCell.swift in Sources */,
				1B2868B427D9F10900311671 /* ProductListViewController.swift in Sources */,
				1B2868D327E25C5C00311671 /* NetworkRequest.swift in Sources */,
				1B2868B027D9F10900311671 /* AppDelegate.swift in Sources */,
				1B2868DD27E26CD000311671 /* ProductListViewModel.swift in Sources */,
				1B2868E427E27C8800311671 /* BaseViewController.swift in Sources */,
				1B2868D727E2617A00311671 /* ProductDataModal.swift in Sources */,
				1B2868DF27E26E6500311671 /* ProductListContracts.swift in Sources */,
				1B2868D127E25C4400311671 /* NetworkErrors.swift in Sources */,
				1B2868C427D9F21200311671 /* NetworkService.swift in Sources */,
				1B2868B227D9F10900311671 /* SceneDelegate.swift in Sources */,
				1B2868CF27E25C2800311671 /* NetworkSettings.swift in Sources */,
				1B2868E827E27D6D00311671 /* UIViewController+ .swift in Sources */,
			);
			runOnlyForDeploymentPostprocessing = 0;
		};
/* End PBXSourcesBuildPhase section */

/* Begin PBXVariantGroup section */
		1B2868B527D9F10900311671 /* Main.storyboard */ = {
			isa = PBXVariantGroup;
			children = (
				1B2868B627D9F10900311671 /* Base */,
			);
			name = Main.storyboard;
			sourceTree = "<group>";
		};
		1B2868BA27D9F10A00311671 /* LaunchScreen.storyboard */ = {
			isa = PBXVariantGroup;
			children = (
				1B2868BB27D9F10A00311671 /* Base */,
			);
			name = LaunchScreen.storyboard;
			sourceTree = "<group>";
		};
/* End PBXVariantGroup section */

/* Begin XCBuildConfiguration section */
		1B2868BE27D9F10A00311671 /* Debug */ = {
			isa = XCBuildConfiguration;
			buildSettings = {
				ALWAYS_SEARCH_USER_PATHS = NO;
				CLANG_ANALYZER_NONNULL = YES;
				CLANG_ANALYZER_NUMBER_OBJECT_CONVERSION = YES_AGGRESSIVE;
				CLANG_CXX_LANGUAGE_STANDARD = "gnu++17";
				CLANG_CXX_LIBRARY = "libc++";
				CLANG_ENABLE_MODULES = YES;
				CLANG_ENABLE_OBJC_ARC = YES;
				CLANG_ENABLE_OBJC_WEAK = YES;
				CLANG_WARN_BLOCK_CAPTURE_AUTORELEASING = YES;
				CLANG_WARN_BOOL_CONVERSION = YES;
				CLANG_WARN_COMMA = YES;
				CLANG_WARN_CONSTANT_CONVERSION = YES;
				CLANG_WARN_DEPRECATED_OBJC_IMPLEMENTATIONS = YES;
				CLANG_WARN_DIRECT_OBJC_ISA_USAGE = YES_ERROR;
				CLANG_WARN_DOCUMENTATION_COMMENTS = YES;
				CLANG_WARN_EMPTY_BODY = YES;
				CLANG_WARN_ENUM_CONVERSION = YES;
				CLANG_WARN_INFINITE_RECURSION = YES;
				CLANG_WARN_INT_CONVERSION = YES;
				CLANG_WARN_NON_LITERAL_NULL_CONVERSION = YES;
				CLANG_WARN_OBJC_IMPLICIT_RETAIN_SELF = YES;
				CLANG_WARN_OBJC_LITERAL_CONVERSION = YES;
				CLANG_WARN_OBJC_ROOT_CLASS = YES_ERROR;
				CLANG_WARN_QUOTED_INCLUDE_IN_FRAMEWORK_HEADER = YES;
				CLANG_WARN_RANGE_LOOP_ANALYSIS = YES;
				CLANG_WARN_STRICT_PROTOTYPES = YES;
				CLANG_WARN_SUSPICIOUS_MOVE = YES;
				CLANG_WARN_UNGUARDED_AVAILABILITY = YES_AGGRESSIVE;
				CLANG_WARN_UNREACHABLE_CODE = YES;
				CLANG_WARN__DUPLICATE_METHOD_MATCH = YES;
				COPY_PHASE_STRIP = NO;
				DEBUG_INFORMATION_FORMAT = dwarf;
				ENABLE_STRICT_OBJC_MSGSEND = YES;
				ENABLE_TESTABILITY = YES;
				GCC_C_LANGUAGE_STANDARD = gnu11;
				GCC_DYNAMIC_NO_PIC = NO;
				GCC_NO_COMMON_BLOCKS = YES;
				GCC_OPTIMIZATION_LEVEL = 0;
				GCC_PREPROCESSOR_DEFINITIONS = (
					"DEBUG=1",
					"$(inherited)",
				);
				GCC_WARN_64_TO_32_BIT_CONVERSION = YES;
				GCC_WARN_ABOUT_RETURN_TYPE = YES_ERROR;
				GCC_WARN_UNDECLARED_SELECTOR = YES;
				GCC_WARN_UNINITIALIZED_AUTOS = YES_AGGRESSIVE;
				GCC_WARN_UNUSED_FUNCTION = YES;
				GCC_WARN_UNUSED_VARIABLE = YES;
				IPHONEOS_DEPLOYMENT_TARGET = 15.2;
				MTL_ENABLE_DEBUG_INFO = INCLUDE_SOURCE;
				MTL_FAST_MATH = YES;
				ONLY_ACTIVE_ARCH = YES;
				SDKROOT = iphoneos;
				SWIFT_ACTIVE_COMPILATION_CONDITIONS = DEBUG;
				SWIFT_OPTIMIZATION_LEVEL = "-Onone";
			};
			name = Debug;
		};
		1B2868BF27D9F10A00311671 /* Release */ = {
			isa = XCBuildConfiguration;
			buildSettings = {
				ALWAYS_SEARCH_USER_PATHS = NO;
				CLANG_ANALYZER_NONNULL = YES;
				CLANG_ANALYZER_NUMBER_OBJECT_CONVERSION = YES_AGGRESSIVE;
				CLANG_CXX_LANGUAGE_STANDARD = "gnu++17";
				CLANG_CXX_LIBRARY = "libc++";
				CLANG_ENABLE_MODULES = YES;
				CLANG_ENABLE_OBJC_ARC = YES;
				CLANG_ENABLE_OBJC_WEAK = YES;
				CLANG_WARN_BLOCK_CAPTURE_AUTORELEASING = YES;
				CLANG_WARN_BOOL_CONVERSION = YES;
				CLANG_WARN_COMMA = YES;
				CLANG_WARN_CONSTANT_CONVERSION = YES;
				CLANG_WARN_DEPRECATED_OBJC_IMPLEMENTATIONS = YES;
				CLANG_WARN_DIRECT_OBJC_ISA_USAGE = YES_ERROR;
				CLANG_WARN_DOCUMENTATION_COMMENTS = YES;
				CLANG_WARN_EMPTY_BODY = YES;
				CLANG_WARN_ENUM_CONVERSION = YES;
				CLANG_WARN_INFINITE_RECURSION = YES;
				CLANG_WARN_INT_CONVERSION = YES;
				CLANG_WARN_NON_LITERAL_NULL_CONVERSION = YES;
				CLANG_WARN_OBJC_IMPLICIT_RETAIN_SELF = YES;
				CLANG_WARN_OBJC_LITERAL_CONVERSION = YES;
				CLANG_WARN_OBJC_ROOT_CLASS = YES_ERROR;
				CLANG_WARN_QUOTED_INCLUDE_IN_FRAMEWORK_HEADER = YES;
				CLANG_WARN_RANGE_LOOP_ANALYSIS = YES;
				CLANG_WARN_STRICT_PROTOTYPES = YES;
				CLANG_WARN_SUSPICIOUS_MOVE = YES;
				CLANG_WARN_UNGUARDED_AVAILABILITY = YES_AGGRESSIVE;
				CLANG_WARN_UNREACHABLE_CODE = YES;
				CLANG_WARN__DUPLICATE_METHOD_MATCH = YES;
				COPY_PHASE_STRIP = NO;
				DEBUG_INFORMATION_FORMAT = "dwarf-with-dsym";
				ENABLE_NS_ASSERTIONS = NO;
				ENABLE_STRICT_OBJC_MSGSEND = YES;
				GCC_C_LANGUAGE_STANDARD = gnu11;
				GCC_NO_COMMON_BLOCKS = YES;
				GCC_WARN_64_TO_32_BIT_CONVERSION = YES;
				GCC_WARN_ABOUT_RETURN_TYPE = YES_ERROR;
				GCC_WARN_UNDECLARED_SELECTOR = YES;
				GCC_WARN_UNINITIALIZED_AUTOS = YES_AGGRESSIVE;
				GCC_WARN_UNUSED_FUNCTION = YES;
				GCC_WARN_UNUSED_VARIABLE = YES;
				IPHONEOS_DEPLOYMENT_TARGET = 15.2;
				MTL_ENABLE_DEBUG_INFO = NO;
				MTL_FAST_MATH = YES;
				SDKROOT = iphoneos;
				SWIFT_COMPILATION_MODE = wholemodule;
				SWIFT_OPTIMIZATION_LEVEL = "-O";
				VALIDATE_PRODUCT = YES;
			};
			name = Release;
		};
		1B2868C127D9F10A00311671 /* Debug */ = {
			isa = XCBuildConfiguration;
			buildSettings = {
				ASSETCATALOG_COMPILER_APPICON_NAME = AppIcon;
				ASSETCATALOG_COMPILER_GLOBAL_ACCENT_COLOR_NAME = AccentColor;
				CODE_SIGN_STYLE = Automatic;
				CURRENT_PROJECT_VERSION = 1;
				DEVELOPMENT_TEAM = 5MNU4WM44M;
				GENERATE_INFOPLIST_FILE = YES;
				INFOPLIST_FILE = eCommerceMVVM/Info.plist;
				INFOPLIST_KEY_UIApplicationSupportsIndirectInputEvents = YES;
				INFOPLIST_KEY_UILaunchStoryboardName = LaunchScreen;
				INFOPLIST_KEY_UIMainStoryboardFile = Main;
				INFOPLIST_KEY_UISupportedInterfaceOrientations_iPad = "UIInterfaceOrientationPortrait UIInterfaceOrientationPortraitUpsideDown UIInterfaceOrientationLandscapeLeft UIInterfaceOrientationLandscapeRight";
				INFOPLIST_KEY_UISupportedInterfaceOrientations_iPhone = "UIInterfaceOrientationPortrait UIInterfaceOrientationLandscapeLeft UIInterfaceOrientationLandscapeRight";
				LD_RUNPATH_SEARCH_PATHS = (
					"$(inherited)",
					"@executable_path/Frameworks",
				);
				MARKETING_VERSION = 1.0;
				PRODUCT_BUNDLE_IDENTIFIER = com.sinankulen.eCommerceMVVM;
				PRODUCT_NAME = "$(TARGET_NAME)";
				SWIFT_EMIT_LOC_STRINGS = YES;
				SWIFT_VERSION = 5.0;
				TARGETED_DEVICE_FAMILY = "1,2";
			};
			name = Debug;
		};
		1B2868C227D9F10A00311671 /* Release */ = {
			isa = XCBuildConfiguration;
			buildSettings = {
				ASSETCATALOG_COMPILER_APPICON_NAME = AppIcon;
				ASSETCATALOG_COMPILER_GLOBAL_ACCENT_COLOR_NAME = AccentColor;
				CODE_SIGN_STYLE = Automatic;
				CURRENT_PROJECT_VERSION = 1;
				DEVELOPMENT_TEAM = 5MNU4WM44M;
				GENERATE_INFOPLIST_FILE = YES;
				INFOPLIST_FILE = eCommerceMVVM/Info.plist;
				INFOPLIST_KEY_UIApplicationSupportsIndirectInputEvents = YES;
				INFOPLIST_KEY_UILaunchStoryboardName = LaunchScreen;
				INFOPLIST_KEY_UIMainStoryboardFile = Main;
				INFOPLIST_KEY_UISupportedInterfaceOrientations_iPad = "UIInterfaceOrientationPortrait UIInterfaceOrientationPortraitUpsideDown UIInterfaceOrientationLandscapeLeft UIInterfaceOrientationLandscapeRight";
				INFOPLIST_KEY_UISupportedInterfaceOrientations_iPhone = "UIInterfaceOrientationPortrait UIInterfaceOrientationLandscapeLeft UIInterfaceOrientationLandscapeRight";
				LD_RUNPATH_SEARCH_PATHS = (
					"$(inherited)",
					"@executable_path/Frameworks",
				);
				MARKETING_VERSION = 1.0;
				PRODUCT_BUNDLE_IDENTIFIER = com.sinankulen.eCommerceMVVM;
				PRODUCT_NAME = "$(TARGET_NAME)";
				SWIFT_EMIT_LOC_STRINGS = YES;
				SWIFT_VERSION = 5.0;
				TARGETED_DEVICE_FAMILY = "1,2";
			};
			name = Release;
		};
/* End XCBuildConfiguration section */

/* Begin XCConfigurationList section */
		1B2868A727D9F10900311671 /* Build configuration list for PBXProject "eCommerceMVVM" */ = {
			isa = XCConfigurationList;
			buildConfigurations = (
				1B2868BE27D9F10A00311671 /* Debug */,
				1B2868BF27D9F10A00311671 /* Release */,
			);
			defaultConfigurationIsVisible = 0;
			defaultConfigurationName = Release;
		};
		1B2868C027D9F10A00311671 /* Build configuration list for PBXNativeTarget "eCommerceMVVM" */ = {
			isa = XCConfigurationList;
			buildConfigurations = (
				1B2868C127D9F10A00311671 /* Debug */,
				1B2868C227D9F10A00311671 /* Release */,
			);
			defaultConfigurationIsVisible = 0;
			defaultConfigurationName = Release;
		};
/* End XCConfigurationList section */

/* Begin XCRemoteSwiftPackageReference section */
		1B2868C927DF7FF500311671 /* XCRemoteSwiftPackageReference "SnapKit" */ = {
			isa = XCRemoteSwiftPackageReference;
			repositoryURL = "https://github.com/SnapKit/SnapKit";
			requirement = {
				kind = upToNextMajorVersion;
				minimumVersion = 5.0.0;
			};
		};
		1B2868E927E286CE00311671 /* XCRemoteSwiftPackageReference "Kingfisher" */ = {
			isa = XCRemoteSwiftPackageReference;
			repositoryURL = "https://github.com/onevcat/Kingfisher";
			requirement = {
				kind = upToNextMajorVersion;
				minimumVersion = 7.0.0;
			};
		};
/* End XCRemoteSwiftPackageReference section */

/* Begin XCSwiftPackageProductDependency section */
		1B2868CA27DF7FF500311671 /* SnapKit */ = {
			isa = XCSwiftPackageProductDependency;
			package = 1B2868C927DF7FF500311671 /* XCRemoteSwiftPackageReference "SnapKit" */;
			productName = SnapKit;
		};
		1B2868EA27E286CE00311671 /* Kingfisher */ = {
			isa = XCSwiftPackageProductDependency;
			package = 1B2868E927E286CE00311671 /* XCRemoteSwiftPackageReference "Kingfisher" */;
			productName = Kingfisher;
		};
/* End XCSwiftPackageProductDependency section */
	};
	rootObject = 1B2868A427D9F10900311671 /* Project object */;
}
